
Microsoft Visual Studio Solution File, Format Version 12.00
# Visual Studio Version 17
VisualStudioVersion = 17.6.33712.159
MinimumVisualStudioVersion = 10.0.40219.1
Project("{8BC9CEB8-8B4A-11D0-8D11-00A0C91BC942}") = "잡것들src", "잡것들src.vcxproj", "{119669B0-179B-4F4F-849D-903523C8092F}"
EndProject
Global
	GlobalSection(SolutionConfigurationPlatforms) = preSolution
		Debug|x64 = Debug|x64
		Debug|x86 = Debug|x86
		Release|x64 = Release|x64
		Release|x86 = Release|x86
	EndGlobalSection
	GlobalSection(ProjectConfigurationPlatforms) = postSolution
		{119669B0-179B-4F4F-849D-903523C8092F}.Debug|x64.ActiveCfg = Debug|x64
		{119669B0-179B-4F4F-849D-903523C8092F}.Debug|x64.Build.0 = Debug|x64
		{119669B0-179B-4F4F-849D-903523C8092F}.Debug|x86.ActiveCfg = Debug|Win32
		{119669B0-179B-4F4F-849D-903523C8092F}.Debug|x86.Build.0 = Debug|Win32
		{119669B0-179B-4F4F-849D-903523C8092F}.Release|x64.ActiveCfg = Release|x64
		{119669B0-179B-4F4F-849D-903523C8092F}.Release|x64.Build.0 = Release|x64
		{119669B0-179B-4F4F-849D-903523C8092F}.Release|x86.ActiveCfg = Release|Win32
		{119669B0-179B-4F4F-849D-903523C8092F}.Release|x86.Build.0 = Release|Win32
	EndGlobalSection
	GlobalSection(SolutionProperties) = preSolution
		HideSolutionNode = FALSE
	EndGlobalSection
	GlobalSection(ExtensibilityGlobals) = postSolution
		SolutionGuid = {225FF05E-629E-48BF-BC3F-F6EF4AC7882D}
	EndGlobalSection
EndGlobal
